
Microsoft Visual Studio Solution File, Format Version 12.00
# Visual Studio Version 17
VisualStudioVersion = 17.9.34622.214
MinimumVisualStudioVersion = 10.0.40219.1
Project("{FAE04EC0-301F-11D3-BF4B-00C04F79EFBC}") = "Laboratorium.NET", "Laboratorium.NET\Laboratorium.NET.csproj", "{0C3AA7CD-60E0-469C-B0A7-F5C3F1E2A37B}"
EndProject
Global
	GlobalSection(SolutionConfigurationPlatforms) = preSolution
		Debug|Any CPU = Debug|Any CPU
		Release|Any CPU = Release|Any CPU
	EndGlobalSection
	GlobalSection(ProjectConfigurationPlatforms) = postSolution
		{0C3AA7CD-60E0-469C-B0A7-F5C3F1E2A37B}.Debug|Any CPU.ActiveCfg = Debug|Any CPU
		{0C3AA7CD-60E0-469C-B0A7-F5C3F1E2A37B}.Debug|Any CPU.Build.0 = Debug|Any CPU
		{0C3AA7CD-60E0-469C-B0A7-F5C3F1E2A37B}.Release|Any CPU.ActiveCfg = Release|Any CPU
		{0C3AA7CD-60E0-469C-B0A7-F5C3F1E2A37B}.Release|Any CPU.Build.0 = Release|Any CPU
	EndGlobalSection
	GlobalSection(SolutionProperties) = preSolution
		HideSolutionNode = FALSE
	EndGlobalSection
	GlobalSection(ExtensibilityGlobals) = postSolution
		SolutionGuid = {1914F2DB-4EDD-469C-8A43-0FDD3ADB8903}
	EndGlobalSection
EndGlobal
